# This is a Gradle generated file for dependency locking.
# Manual edits can break the build and are not advised.
# This file is expected to be part of source control.
ch.qos.logback:logback-classic:1.5.34=compileClasspath
ch.qos.logback:logback-core:1.5.34=compileClasspath
com.fasterxml.jackson.core:jackson-annotations:2.22=compileClasspath
com.github.spotbugs:spotbugs-annotations:4.7.3=compileClasspath
com.google.code.findbugs:jsr305:3.0.2=compileClasspath
org.projectlombok:lombok:1.18.44=compileClasspath
org.slf4j:slf4j-api:2.0.17=compileClasspath
tools.jackson.core:jackson-core:3.2.0=compileClasspath
tools.jackson.core:jackson-databind:3.2.0=compileClasspath
tools.jackson:jackson-bom:3.2.0=compileClasspath
empty=
